
Microsoft Visual Studio Solution File, Format Version 12.00
# Visual Studio Version 17
VisualStudioVersion = 17.1.32210.238
MinimumVisualStudioVersion = 10.0.40219.1
Project("{8BC9CEB8-8B4A-11D0-8D11-00A0C91BC942}") = "重组电话号码", "重组电话号码.vcxproj", "{FA98ACED-C267-4F86-A9DD-2E703930CF89}"
EndProject
Global
	GlobalSection(SolutionConfigurationPlatforms) = preSolution
		Debug|x64 = Debug|x64
		Debug|x86 = Debug|x86
		Release|x64 = Release|x64
		Release|x86 = Release|x86
	EndGlobalSection
	GlobalSection(ProjectConfigurationPlatforms) = postSolution
		{FA98ACED-C267-4F86-A9DD-2E703930CF89}.Debug|x64.ActiveCfg = Debug|x64
		{FA98ACED-C267-4F86-A9DD-2E703930CF89}.Debug|x64.Build.0 = Debug|x64
		{FA98ACED-C267-4F86-A9DD-2E703930CF89}.Debug|x86.ActiveCfg = Debug|Win32
		{FA98ACED-C267-4F86-A9DD-2E703930CF89}.Debug|x86.Build.0 = Debug|Win32
		{FA98ACED-C267-4F86-A9DD-2E703930CF89}.Release|x64.ActiveCfg = Release|x64
		{FA98ACED-C267-4F86-A9DD-2E703930CF89}.Release|x64.Build.0 = Release|x64
		{FA98ACED-C267-4F86-A9DD-2E703930CF89}.Release|x86.ActiveCfg = Release|Win32
		{FA98ACED-C267-4F86-A9DD-2E703930CF89}.Release|x86.Build.0 = Release|Win32
	EndGlobalSection
	GlobalSection(SolutionProperties) = preSolution
		HideSolutionNode = FALSE
	EndGlobalSection
	GlobalSection(ExtensibilityGlobals) = postSolution
		SolutionGuid = {A9BF07D5-614A-4729-AD5B-B938DB5A814D}
	EndGlobalSection
EndGlobal
